// !$*UTF8*$!
{
	archiveVersion = 1;
	classes = {
	};
	objectVersion = 50;
	objects = {

/* Begin PBXBuildFile section */
		5731A5B0256BA380004B0D3B /* crudApp.swift in Sources */ = {isa = PBXBuildFile; fileRef = 5731A5AF256BA380004B0D3B /* crudApp.swift */; };
		5731A5B2256BA380004B0D3B /* ContentView.swift in Sources */ = {isa = PBXBuildFile; fileRef = 5731A5B1256BA380004B0D3B /* ContentView.swift */; };
		5731A5B4256BA380004B0D3B /* Assets.xcassets in Resources */ = {isa = PBXBuildFile; fileRef = 5731A5B3256BA380004B0D3B /* Assets.xcassets */; };
		5731A5B7256BA380004B0D3B /* Preview Assets.xcassets in Resources */ = {isa = PBXBuildFile; fileRef = 5731A5B6256BA380004B0D3B /* Preview Assets.xcassets */; };
		5731A5C0256BA3CE004B0D3B /* Money.swift in Sources */ = {isa = PBXBuildFile; fileRef = 5731A5BF256BA3CE004B0D3B /* Money.swift */; };
		5731A5C8256BA487004B0D3B /* Data.swift in Sources */ = {isa = PBXBuildFile; fileRef = 5731A5C7256BA487004B0D3B /* Data.swift */; };
		5731A5CB256BA4E9004B0D3B /* Row.swift in Sources */ = {isa = PBXBuildFile; fileRef = 5731A5CA256BA4E9004B0D3B /* Row.swift */; };
		5731A5CF256BA665004B0D3B /* List.swift in Sources */ = {isa = PBXBuildFile; fileRef = 5731A5CE256BA665004B0D3B /* List.swift */; };
		5731A5D3256BA979004B0D3B /* Editor.swift in Sources */ = {isa = PBXBuildFile; fileRef = 5731A5D2256BA979004B0D3B /* Editor.swift */; };
		57CC2825256CF72700C5E205 /* piechart.swift in Sources */ = {isa = PBXBuildFile; fileRef = 57CC2824256CF72700C5E205 /* piechart.swift */; };
		57CC282A256D00E800C5E205 /* piechartview.swift in Sources */ = {isa = PBXBuildFile; fileRef = 57CC2829256D00E800C5E205 /* piechartview.swift */; };
		57CC282E256D055E00C5E205 /* Pie.swift in Sources */ = {isa = PBXBuildFile; fileRef = 57CC282D256D055E00C5E205 /* Pie.swift */; };
		57CC2832256D0C8300C5E205 /* barchart.swift in Sources */ = {isa = PBXBuildFile; fileRef = 57CC2831256D0C8300C5E205 /* barchart.swift */; };
		57CC283B256D326D00C5E205 /* barchartView.swift in Sources */ = {isa = PBXBuildFile; fileRef = 57CC283A256D326D00C5E205 /* barchartView.swift */; };
/* End PBXBuildFile section */

/* Begin PBXFileReference section */
		5731A5AC256BA37F004B0D3B /* crud.app */ = {isa = PBXFileReference; explicitFileType = wrapper.application; includeInIndex = 0; path = crud.app; sourceTree = BUILT_PRODUCTS_DIR; };
		5731A5AF256BA380004B0D3B /* crudApp.swift */ = {isa = PBXFileReference; lastKnownFileType = sourcecode.swift; path = crudApp.swift; sourceTree = "<group>"; };
		5731A5B1256BA380004B0D3B /* ContentView.swift */ = {isa = PBXFileReference; lastKnownFileType = sourcecode.swift; path = ContentView.swift; sourceTree = "<group>"; };
		5731A5B3256BA380004B0D3B /* Assets.xcassets */ = {isa = PBXFileReference; lastKnownFileType = folder.assetcatalog; path = Assets.xcassets; sourceTree = "<group>"; };
		5731A5B6256BA380004B0D3B /* Preview Assets.xcassets */ = {isa = PBXFileReference; lastKnownFileType = folder.assetcatalog; path = "Preview Assets.xcassets"; sourceTree = "<group>"; };
		5731A5B8256BA380004B0D3B /* Info.plist */ = {isa = PBXFileReference; lastKnownFileType = text.plist.xml; path = Info.plist; sourceTree = "<group>"; };
		5731A5BF256BA3CE004B0D3B /* Money.swift */ = {isa = PBXFileReference; lastKnownFileType = sourcecode.swift; path = Money.swift; sourceTree = "<group>"; };
		5731A5C7256BA487004B0D3B /* Data.swift */ = {isa = PBXFileReference; lastKnownFileType = sourcecode.swift; path = Data.swift; sourceTree = "<group>"; };
		5731A5CA256BA4E9004B0D3B /* Row.swift */ = {isa = PBXFileReference; lastKnownFileType = sourcecode.swift; path = Row.swift; sourceTree = "<group>"; };
		5731A5CE256BA665004B0D3B /* List.swift */ = {isa = PBXFileReference; lastKnownFileType = sourcecode.swift; path = List.swift; sourceTree = "<group>"; };
		5731A5D2256BA979004B0D3B /* Editor.swift */ = {isa = PBXFileReference; lastKnownFileType = sourcecode.swift; path = Editor.swift; sourceTree = "<group>"; };
		57CC2824256CF72700C5E205 /* piechart.swift */ = {isa = PBXFileReference; lastKnownFileType = sourcecode.swift; path = piechart.swift; sourceTree = "<group>"; };
		57CC2829256D00E800C5E205 /* piechartview.swift */ = {isa = PBXFileReference; lastKnownFileType = sourcecode.swift; path = piechartview.swift; sourceTree = "<group>"; };
		57CC282D256D055E00C5E205 /* Pie.swift */ = {isa = PBXFileReference; lastKnownFileType = sourcecode.swift; path = Pie.swift; sourceTree = "<group>"; };
		57CC2831256D0C8300C5E205 /* barchart.swift */ = {isa = PBXFileReference; lastKnownFileType = sourcecode.swift; path = barchart.swift; sourceTree = "<group>"; };
		57CC283A256D326D00C5E205 /* barchartView.swift */ = {isa = PBXFileReference; lastKnownFileType = sourcecode.swift; path = barchartView.swift; sourceTree = "<group>"; };
/* End PBXFileReference section */

/* Begin PBXFrameworksBuildPhase section */
		5731A5A9256BA37F004B0D3B /* Frameworks */ = {
			isa = PBXFrameworksBuildPhase;
			buildActionMask = 2147483647;
			files = (
			);
			runOnlyForDeploymentPostprocessing = 0;
		};
/* End PBXFrameworksBuildPhase section */

/* Begin PBXGroup section */
		5731A5A3256BA37F004B0D3B = {
			isa = PBXGroup;
			children = (
				5731A5AE256BA37F004B0D3B /* crud */,
				5731A5AD256BA37F004B0D3B /* Products */,
			);
			sourceTree = "<group>";
		};
		5731A5AD256BA37F004B0D3B /* Products */ = {
			isa = PBXGroup;
			children = (
				5731A5AC256BA37F004B0D3B /* crud.app */,
			);
			name = Products;
			sourceTree = "<group>";
		};
		5731A5AE256BA37F004B0D3B /* crud */ = {
			isa = PBXGroup;
			children = (
				5731A5AF256BA380004B0D3B /* crudApp.swift */,
				5731A5B1256BA380004B0D3B /* ContentView.swift */,
				5731A5BF256BA3CE004B0D3B /* Money.swift */,
				5731A5C7256BA487004B0D3B /* Data.swift */,
				5731A5CA256BA4E9004B0D3B /* Row.swift */,
				5731A5CE256BA665004B0D3B /* List.swift */,
				5731A5D2256BA979004B0D3B /* Editor.swift */,
				57CC2824256CF72700C5E205 /* piechart.swift */,
				57CC2829256D00E800C5E205 /* piechartview.swift */,
				57CC282D256D055E00C5E205 /* Pie.swift */,
				57CC2831256D0C8300C5E205 /* barchart.swift */,
				57CC283A256D326D00C5E205 /* barchartView.swift */,
				5731A5B3256BA380004B0D3B /* Assets.xcassets */,
				5731A5B8256BA380004B0D3B /* Info.plist */,
				5731A5B5256BA380004B0D3B /* Preview Content */,
			);
			path = crud;
			sourceTree = "<group>";
		};
		5731A5B5256BA380004B0D3B /* Preview Content */ = {
			isa = PBXGroup;
			children = (
				5731A5B6256BA380004B0D3B /* Preview Assets.xcassets */,
			);
			path = "Preview Content";
			sourceTree = "<group>";
		};
/* End PBXGroup section */

/* Begin PBXNativeTarget section */
		5731A5AB256BA37F004B0D3B /* crud */ = {
			isa = PBXNativeTarget;
			buildConfigurationList = 5731A5BB256BA380004B0D3B /* Build configuration list for PBXNativeTarget "crud" */;
			buildPhases = (
				5731A5A8256BA37F004B0D3B /* Sources */,
				5731A5A9256BA37F004B0D3B /* Frameworks */,
				5731A5AA256BA37F004B0D3B /* Resources */,
			);
			buildRules = (
			);
			dependencies = (
			);
			name = crud;
			productName = crud;
			productReference = 5731A5AC256BA37F004B0D3B /* crud.app */;
			productType = "com.apple.product-type.application";
		};
/* End PBXNativeTarget section */

/* Begin PBXProject section */
		5731A5A4256BA37F004B0D3B /* Project object */ = {
			isa = PBXProject;
			attributes = {
				LastSwiftUpdateCheck = 1220;
				LastUpgradeCheck = 1220;
				TargetAttributes = {
					5731A5AB256BA37F004B0D3B = {
						CreatedOnToolsVersion = 12.2;
					};
				};
			};
			buildConfigurationList = 5731A5A7256BA37F004B0D3B /* Build configuration list for PBXProject "crud" */;
			compatibilityVersion = "Xcode 9.3";
			developmentRegion = en;
			hasScannedForEncodings = 0;
			knownRegions = (
				en,
				Base,
			);
			mainGroup = 5731A5A3256BA37F004B0D3B;
			productRefGroup = 5731A5AD256BA37F004B0D3B /* Products */;
			projectDirPath = "";
			projectRoot = "";
			targets = (
				5731A5AB256BA37F004B0D3B /* crud */,
			);
		};
/* End PBXProject section */

/* Begin PBXResourcesBuildPhase section */
		5731A5AA256BA37F004B0D3B /* Resources */ = {
			isa = PBXResourcesBuildPhase;
			buildActionMask = 2147483647;
			files = (
				5731A5B7256BA380004B0D3B /* Preview Assets.xcassets in Resources */,
				5731A5B4256BA380004B0D3B /* Assets.xcassets in Resources */,
			);
			runOnlyForDeploymentPostprocessing = 0;
		};
/* End PBXResourcesBuildPhase section */

/* Begin PBXSourcesBuildPhase section */
		5731A5A8256BA37F004B0D3B /* Sources */ = {
			isa = PBXSourcesBuildPhase;
			buildActionMask = 2147483647;
			files = (
				57CC282E256D055E00C5E205 /* Pie.swift in Sources */,
				5731A5D3256BA979004B0D3B /* Editor.swift in Sources */,
				57CC282A256D00E800C5E205 /* piechartview.swift in Sources */,
				57CC2825256CF72700C5E205 /* piechart.swift in Sources */,
				57CC2832256D0C8300C5E205 /* barchart.swift in Sources */,
				57CC283B256D326D00C5E205 /* barchartView.swift in Sources */,
				5731A5C0256BA3CE004B0D3B /* Money.swift in Sources */,
				5731A5B2256BA380004B0D3B /* ContentView.swift in Sources */,
				5731A5B0256BA380004B0D3B /* crudApp.swift in Sources */,
				5731A5CB256BA4E9004B0D3B /* Row.swift in Sources */,
				5731A5C8256BA487004B0D3B /* Data.swift in Sources */,
				5731A5CF256BA665004B0D3B /* List.swift in Sources */,
			);
			runOnlyForDeploymentPostprocessing = 0;
		};
/* End PBXSourcesBuildPhase section */

/* Begin XCBuildConfiguration section */
		5731A5B9256BA380004B0D3B /* Debug */ = {
			isa = XCBuildConfiguration;
			buildSettings = {
				ALWAYS_SEARCH_USER_PATHS = NO;
				CLANG_ANALYZER_NONNULL = YES;
				CLANG_ANALYZER_NUMBER_OBJECT_CONVERSION = YES_AGGRESSIVE;
				CLANG_CXX_LANGUAGE_STANDARD = "gnu++14";
				CLANG_CXX_LIBRARY = "libc++";
				CLANG_ENABLE_MODULES = YES;
				CLANG_ENABLE_OBJC_ARC = YES;
				CLANG_ENABLE_OBJC_WEAK = YES;
				CLANG_WARN_BLOCK_CAPTURE_AUTORELEASING = YES;
				CLANG_WARN_BOOL_CONVERSION = YES;
				CLANG_WARN_COMMA = YES;
				CLANG_WARN_CONSTANT_CONVERSION = YES;
				CLANG_WARN_DEPRECATED_OBJC_IMPLEMENTATIONS = YES;
				CLANG_WARN_DIRECT_OBJC_ISA_USAGE = YES_ERROR;
				CLANG_WARN_DOCUMENTATION_COMMENTS = YES;
				CLANG_WARN_EMPTY_BODY = YES;
				CLANG_WARN_ENUM_CONVERSION = YES;
				CLANG_WARN_INFINITE_RECURSION = YES;
				CLANG_WARN_INT_CONVERSION = YES;
				CLANG_WARN_NON_LITERAL_NULL_CONVERSION = YES;
				CLANG_WARN_OBJC_IMPLICIT_RETAIN_SELF = YES;
				CLANG_WARN_OBJC_LITERAL_CONVERSION = YES;
				CLANG_WARN_OBJC_ROOT_CLASS = YES_ERROR;
				CLANG_WARN_QUOTED_INCLUDE_IN_FRAMEWORK_HEADER = YES;
				CLANG_WARN_RANGE_LOOP_ANALYSIS = YES;
				CLANG_WARN_STRICT_PROTOTYPES = YES;
				CLANG_WARN_SUSPICIOUS_MOVE = YES;
				CLANG_WARN_UNGUARDED_AVAILABILITY = YES_AGGRESSIVE;
				CLANG_WARN_UNREACHABLE_CODE = YES;
				CLANG_WARN__DUPLICATE_METHOD_MATCH = YES;
				COPY_PHASE_STRIP = NO;
				DEBUG_INFORMATION_FORMAT = dwarf;
				ENABLE_STRICT_OBJC_MSGSEND = YES;
				ENABLE_TESTABILITY = YES;
				GCC_C_LANGUAGE_STANDARD = gnu11;
				GCC_DYNAMIC_NO_PIC = NO;
				GCC_NO_COMMON_BLOCKS = YES;
				GCC_OPTIMIZATION_LEVEL = 0;
				GCC_PREPROCESSOR_DEFINITIONS = (
					"DEBUG=1",
					"$(inherited)",
				);
				GCC_WARN_64_TO_32_BIT_CONVERSION = YES;
				GCC_WARN_ABOUT_RETURN_TYPE = YES_ERROR;
				GCC_WARN_UNDECLARED_SELECTOR = YES;
				GCC_WARN_UNINITIALIZED_AUTOS = YES_AGGRESSIVE;
				GCC_WARN_UNUSED_FUNCTION = YES;
				GCC_WARN_UNUSED_VARIABLE = YES;
				IPHONEOS_DEPLOYMENT_TARGET = 14.2;
				MTL_ENABLE_DEBUG_INFO = INCLUDE_SOURCE;
				MTL_FAST_MATH = YES;
				ONLY_ACTIVE_ARCH = YES;
				SDKROOT = iphoneos;
				SWIFT_ACTIVE_COMPILATION_CONDITIONS = DEBUG;
				SWIFT_OPTIMIZATION_LEVEL = "-Onone";
			};
			name = Debug;
		};
		5731A5BA256BA380004B0D3B /* Release */ = {
			isa = XCBuildConfiguration;
			buildSettings = {
				ALWAYS_SEARCH_USER_PATHS = NO;
				CLANG_ANALYZER_NONNULL = YES;
				CLANG_ANALYZER_NUMBER_OBJECT_CONVERSION = YES_AGGRESSIVE;
				CLANG_CXX_LANGUAGE_STANDARD = "gnu++14";
				CLANG_CXX_LIBRARY = "libc++";
				CLANG_ENABLE_MODULES = YES;
				CLANG_ENABLE_OBJC_ARC = YES;
				CLANG_ENABLE_OBJC_WEAK = YES;
				CLANG_WARN_BLOCK_CAPTURE_AUTORELEASING = YES;
				CLANG_WARN_BOOL_CONVERSION = YES;
				CLANG_WARN_COMMA = YES;
				CLANG_WARN_CONSTANT_CONVERSION = YES;
				CLANG_WARN_DEPRECATED_OBJC_IMPLEMENTATIONS = YES;
				CLANG_WARN_DIRECT_OBJC_ISA_USAGE = YES_ERROR;
				CLANG_WARN_DOCUMENTATION_COMMENTS = YES;
				CLANG_WARN_EMPTY_BODY = YES;
				CLANG_WARN_ENUM_CONVERSION = YES;
				CLANG_WARN_INFINITE_RECURSION = YES;
				CLANG_WARN_INT_CONVERSION = YES;
				CLANG_WARN_NON_LITERAL_NULL_CONVERSION = YES;
				CLANG_WARN_OBJC_IMPLICIT_RETAIN_SELF = YES;
				CLANG_WARN_OBJC_LITERAL_CONVERSION = YES;
				CLANG_WARN_OBJC_ROOT_CLASS = YES_ERROR;
				CLANG_WARN_QUOTED_INCLUDE_IN_FRAMEWORK_HEADER = YES;
				CLANG_WARN_RANGE_LOOP_ANALYSIS = YES;
				CLANG_WARN_STRICT_PROTOTYPES = YES;
				CLANG_WARN_SUSPICIOUS_MOVE = YES;
				CLANG_WARN_UNGUARDED_AVAILABILITY = YES_AGGRESSIVE;
				CLANG_WARN_UNREACHABLE_CODE = YES;
				CLANG_WARN__DUPLICATE_METHOD_MATCH = YES;
				COPY_PHASE_STRIP = NO;
				DEBUG_INFORMATION_FORMAT = "dwarf-with-dsym";
				ENABLE_NS_ASSERTIONS = NO;
				ENABLE_STRICT_OBJC_MSGSEND = YES;
				GCC_C_LANGUAGE_STANDARD = gnu11;
				GCC_NO_COMMON_BLOCKS = YES;
				GCC_WARN_64_TO_32_BIT_CONVERSION = YES;
				GCC_WARN_ABOUT_RETURN_TYPE = YES_ERROR;
				GCC_WARN_UNDECLARED_SELECTOR = YES;
				GCC_WARN_UNINITIALIZED_AUTOS = YES_AGGRESSIVE;
				GCC_WARN_UNUSED_FUNCTION = YES;
				GCC_WARN_UNUSED_VARIABLE = YES;
				IPHONEOS_DEPLOYMENT_TARGET = 14.2;
				MTL_ENABLE_DEBUG_INFO = NO;
				MTL_FAST_MATH = YES;
				SDKROOT = iphoneos;
				SWIFT_COMPILATION_MODE = wholemodule;
				SWIFT_OPTIMIZATION_LEVEL = "-O";
				VALIDATE_PRODUCT = YES;
			};
			name = Release;
		};
		5731A5BC256BA380004B0D3B /* Debug */ = {
			isa = XCBuildConfiguration;
			buildSettings = {
				ASSETCATALOG_COMPILER_APPICON_NAME = AppIcon;
				ASSETCATALOG_COMPILER_GLOBAL_ACCENT_COLOR_NAME = AccentColor;
				CODE_SIGN_STYLE = Automatic;
				DEVELOPMENT_ASSET_PATHS = "\"crud/Preview Content\"";
				ENABLE_PREVIEWS = YES;
				INFOPLIST_FILE = crud/Info.plist;
				IPHONEOS_DEPLOYMENT_TARGET = 14.0;
				LD_RUNPATH_SEARCH_PATHS = (
					"$(inherited)",
					"@executable_path/Frameworks",
				);
				PRODUCT_BUNDLE_IDENTIFIER = com.johnson.crud;
				PRODUCT_NAME = "$(TARGET_NAME)";
				SWIFT_VERSION = 5.0;
				TARGETED_DEVICE_FAMILY = "1,2";
			};
			name = Debug;
		};
		5731A5BD256BA380004B0D3B /* Release */ = {
			isa = XCBuildConfiguration;
			buildSettings = {
				ASSETCATALOG_COMPILER_APPICON_NAME = AppIcon;
				ASSETCATALOG_COMPILER_GLOBAL_ACCENT_COLOR_NAME = AccentColor;
				CODE_SIGN_STYLE = Automatic;
				DEVELOPMENT_ASSET_PATHS = "\"crud/Preview Content\"";
				ENABLE_PREVIEWS = YES;
				INFOPLIST_FILE = crud/Info.plist;
				IPHONEOS_DEPLOYMENT_TARGET = 14.0;
				LD_RUNPATH_SEARCH_PATHS = (
					"$(inherited)",
					"@executable_path/Frameworks",
				);
				PRODUCT_BUNDLE_IDENTIFIER = com.johnson.crud;
				PRODUCT_NAME = "$(TARGET_NAME)";
				SWIFT_VERSION = 5.0;
				TARGETED_DEVICE_FAMILY = "1,2";
			};
			name = Release;
		};
/* End XCBuildConfiguration section */

/* Begin XCConfigurationList section */
		5731A5A7256BA37F004B0D3B /* Build configuration list for PBXProject "crud" */ = {
			isa = XCConfigurationList;
			buildConfigurations = (
				5731A5B9256BA380004B0D3B /* Debug */,
				5731A5BA256BA380004B0D3B /* Release */,
			);
			defaultConfigurationIsVisible = 0;
			defaultConfigurationName = Release;
		};
		5731A5BB256BA380004B0D3B /* Build configuration list for PBXNativeTarget "crud" */ = {
			isa = XCConfigurationList;
			buildConfigurations = (
				5731A5BC256BA380004B0D3B /* Debug */,
				5731A5BD256BA380004B0D3B /* Release */,
			);
			defaultConfigurationIsVisible = 0;
			defaultConfigurationName = Release;
		};
/* End XCConfigurationList section */
	};
	rootObject = 5731A5A4256BA37F004B0D3B /* Project object */;
}
